// !$*UTF8*$!
{
	archiveVersion = 1;
	classes = {
	};
	objectVersion = 56;
	objects = {

/* Begin PBXBuildFile section */
		002E62662C442FA800BD37E6 /* HomeViewController.swift in Sources */ = {isa = PBXBuildFile; fileRef = 002E62652C442FA800BD37E6 /* HomeViewController.swift */; };
		00A24B802C42E3C200B00085 /* AppDelegate.swift in Sources */ = {isa = PBXBuildFile; fileRef = 00A24B7F2C42E3C200B00085 /* AppDelegate.swift */; };
		00A24B822C42E3C200B00085 /* SceneDelegate.swift in Sources */ = {isa = PBXBuildFile; fileRef = 00A24B812C42E3C200B00085 /* SceneDelegate.swift */; };
		00A24B872C42E3C200B00085 /* Base in Resources */ = {isa = PBXBuildFile; fileRef = 00A24B862C42E3C200B00085 /* Base */; };
		00A24B8A2C42E3C200B00085 /* Tendable.xcdatamodeld in Sources */ = {isa = PBXBuildFile; fileRef = 00A24B882C42E3C200B00085 /* Tendable.xcdatamodeld */; };
		00A24B8C2C42E3C400B00085 /* Assets.xcassets in Resources */ = {isa = PBXBuildFile; fileRef = 00A24B8B2C42E3C400B00085 /* Assets.xcassets */; };
		00A24B8F2C42E3C400B00085 /* Base in Resources */ = {isa = PBXBuildFile; fileRef = 00A24B8E2C42E3C400B00085 /* Base */; };
		00A24B9A2C42E3C500B00085 /* TendableTests.swift in Sources */ = {isa = PBXBuildFile; fileRef = 00A24B992C42E3C500B00085 /* TendableTests.swift */; };
		00A24BA42C42E3C500B00085 /* TendableUITests.swift in Sources */ = {isa = PBXBuildFile; fileRef = 00A24BA32C42E3C500B00085 /* TendableUITests.swift */; };
		00A24BA62C42E3C500B00085 /* TendableUITestsLaunchTests.swift in Sources */ = {isa = PBXBuildFile; fileRef = 00A24BA52C42E3C500B00085 /* TendableUITestsLaunchTests.swift */; };
		00A24BB82C42E52400B00085 /* LoginViewController.swift in Sources */ = {isa = PBXBuildFile; fileRef = 00A24BB72C42E52400B00085 /* LoginViewController.swift */; };
		00A24BBC2C42F24F00B00085 /* APIBaseService.swift in Sources */ = {isa = PBXBuildFile; fileRef = 00A24BBB2C42F24F00B00085 /* APIBaseService.swift */; };
		00A24BBE2C42F2CF00B00085 /* EndpointService.swift in Sources */ = {isa = PBXBuildFile; fileRef = 00A24BBD2C42F2CF00B00085 /* EndpointService.swift */; };
		00A24BC02C42F56A00B00085 /* AuthenticationViewModel.swift in Sources */ = {isa = PBXBuildFile; fileRef = 00A24BBF2C42F56A00B00085 /* AuthenticationViewModel.swift */; };
		00A24BC22C42F5A300B00085 /* User.swift in Sources */ = {isa = PBXBuildFile; fileRef = 00A24BC12C42F5A300B00085 /* User.swift */; };
		00A24BC62C42F72B00B00085 /* CodableExtensions.swift in Sources */ = {isa = PBXBuildFile; fileRef = 00A24BC52C42F72B00B00085 /* CodableExtensions.swift */; };
		00A24BC82C4305E700B00085 /* InspectionViewController.swift in Sources */ = {isa = PBXBuildFile; fileRef = 00A24BC72C4305E700B00085 /* InspectionViewController.swift */; };
		00A24BCA2C43074600B00085 /* InspectionViewModel.swift in Sources */ = {isa = PBXBuildFile; fileRef = 00A24BC92C43074600B00085 /* InspectionViewModel.swift */; };
		00A24BCC2C43089E00B00085 /* Inspection.swift in Sources */ = {isa = PBXBuildFile; fileRef = 00A24BCB2C43089E00B00085 /* Inspection.swift */; };
		00A24BCE2C43130B00B00085 /* UIViewControllerExtensions.swift in Sources */ = {isa = PBXBuildFile; fileRef = 00A24BCD2C43130B00B00085 /* UIViewControllerExtensions.swift */; };
		00A24BD02C431D0700B00085 /* UITableViewCellExtensions.swift in Sources */ = {isa = PBXBuildFile; fileRef = 00A24BCF2C431D0700B00085 /* UITableViewCellExtensions.swift */; };
		00A24BD42C43253F00B00085 /* InspectionQATableViewCell.swift in Sources */ = {isa = PBXBuildFile; fileRef = 00A24BD32C43253F00B00085 /* InspectionQATableViewCell.swift */; };
		00B775652C43AE8D0063BAAF /* Utility.swift in Sources */ = {isa = PBXBuildFile; fileRef = 00B775642C43AE8D0063BAAF /* Utility.swift */; };
		00B775672C43AFD90063BAAF /* Constants.swift in Sources */ = {isa = PBXBuildFile; fileRef = 00B775662C43AFD90063BAAF /* Constants.swift */; };
		00B775692C43B3850063BAAF /* CoreDataService.swift in Sources */ = {isa = PBXBuildFile; fileRef = 00B775682C43B3850063BAAF /* CoreDataService.swift */; };
		00B775712C43BE590063BAAF /* TendableUserEntity+CoreDataClass.swift in Sources */ = {isa = PBXBuildFile; fileRef = 00B7756F2C43BE590063BAAF /* TendableUserEntity+CoreDataClass.swift */; };
		00B775722C43BE590063BAAF /* TendableUserEntity+CoreDataProperties.swift in Sources */ = {isa = PBXBuildFile; fileRef = 00B775702C43BE590063BAAF /* TendableUserEntity+CoreDataProperties.swift */; };
		00B775742C43BFFA0063BAAF /* NSManagedObjectExtensions.swift in Sources */ = {isa = PBXBuildFile; fileRef = 00B775732C43BFFA0063BAAF /* NSManagedObjectExtensions.swift */; };
/* End PBXBuildFile section */

/* Begin PBXContainerItemProxy section */
		00A24B962C42E3C500B00085 /* PBXContainerItemProxy */ = {
			isa = PBXContainerItemProxy;
			containerPortal = 00A24B742C42E3C200B00085 /* Project object */;
			proxyType = 1;
			remoteGlobalIDString = 00A24B7B2C42E3C200B00085;
			remoteInfo = Tendable;
		};
		00A24BA02C42E3C500B00085 /* PBXContainerItemProxy */ = {
			isa = PBXContainerItemProxy;
			containerPortal = 00A24B742C42E3C200B00085 /* Project object */;
			proxyType = 1;
			remoteGlobalIDString = 00A24B7B2C42E3C200B00085;
			remoteInfo = Tendable;
		};
/* End PBXContainerItemProxy section */

/* Begin PBXFileReference section */
		002E62652C442FA800BD37E6 /* HomeViewController.swift */ = {isa = PBXFileReference; lastKnownFileType = sourcecode.swift; path = HomeViewController.swift; sourceTree = "<group>"; };
		00A24B7C2C42E3C200B00085 /* Tendable.app */ = {isa = PBXFileReference; explicitFileType = wrapper.application; includeInIndex = 0; path = Tendable.app; sourceTree = BUILT_PRODUCTS_DIR; };
		00A24B7F2C42E3C200B00085 /* AppDelegate.swift */ = {isa = PBXFileReference; lastKnownFileType = sourcecode.swift; path = AppDelegate.swift; sourceTree = "<group>"; };
		00A24B812C42E3C200B00085 /* SceneDelegate.swift */ = {isa = PBXFileReference; lastKnownFileType = sourcecode.swift; path = SceneDelegate.swift; sourceTree = "<group>"; };
		00A24B862C42E3C200B00085 /* Base */ = {isa = PBXFileReference; lastKnownFileType = file.storyboard; name = Base; path = Base.lproj/Main.storyboard; sourceTree = "<group>"; };
		00A24B892C42E3C200B00085 /* Tendable.xcdatamodel */ = {isa = PBXFileReference; lastKnownFileType = wrapper.xcdatamodel; path = Tendable.xcdatamodel; sourceTree = "<group>"; };
		00A24B8B2C42E3C400B00085 /* Assets.xcassets */ = {isa = PBXFileReference; lastKnownFileType = folder.assetcatalog; path = Assets.xcassets; sourceTree = "<group>"; };
		00A24B8E2C42E3C400B00085 /* Base */ = {isa = PBXFileReference; lastKnownFileType = file.storyboard; name = Base; path = Base.lproj/LaunchScreen.storyboard; sourceTree = "<group>"; };
		00A24B902C42E3C400B00085 /* Info.plist */ = {isa = PBXFileReference; lastKnownFileType = text.plist.xml; path = Info.plist; sourceTree = "<group>"; };
		00A24B952C42E3C500B00085 /* TendableTests.xctest */ = {isa = PBXFileReference; explicitFileType = wrapper.cfbundle; includeInIndex = 0; path = TendableTests.xctest; sourceTree = BUILT_PRODUCTS_DIR; };
		00A24B992C42E3C500B00085 /* TendableTests.swift */ = {isa = PBXFileReference; lastKnownFileType = sourcecode.swift; path = TendableTests.swift; sourceTree = "<group>"; };
		00A24B9F2C42E3C500B00085 /* TendableUITests.xctest */ = {isa = PBXFileReference; explicitFileType = wrapper.cfbundle; includeInIndex = 0; path = TendableUITests.xctest; sourceTree = BUILT_PRODUCTS_DIR; };
		00A24BA32C42E3C500B00085 /* TendableUITests.swift */ = {isa = PBXFileReference; lastKnownFileType = sourcecode.swift; path = TendableUITests.swift; sourceTree = "<group>"; };
		00A24BA52C42E3C500B00085 /* TendableUITestsLaunchTests.swift */ = {isa = PBXFileReference; lastKnownFileType = sourcecode.swift; path = TendableUITestsLaunchTests.swift; sourceTree = "<group>"; };
		00A24BB72C42E52400B00085 /* LoginViewController.swift */ = {isa = PBXFileReference; lastKnownFileType = sourcecode.swift; path = LoginViewController.swift; sourceTree = "<group>"; };
		00A24BBB2C42F24F00B00085 /* APIBaseService.swift */ = {isa = PBXFileReference; lastKnownFileType = sourcecode.swift; path = APIBaseService.swift; sourceTree = "<group>"; };
		00A24BBD2C42F2CF00B00085 /* EndpointService.swift */ = {isa = PBXFileReference; lastKnownFileType = sourcecode.swift; path = EndpointService.swift; sourceTree = "<group>"; };
		00A24BBF2C42F56A00B00085 /* AuthenticationViewModel.swift */ = {isa = PBXFileReference; lastKnownFileType = sourcecode.swift; path = AuthenticationViewModel.swift; sourceTree = "<group>"; };
		00A24BC12C42F5A300B00085 /* User.swift */ = {isa = PBXFileReference; lastKnownFileType = sourcecode.swift; path = User.swift; sourceTree = "<group>"; };
		00A24BC52C42F72B00B00085 /* CodableExtensions.swift */ = {isa = PBXFileReference; lastKnownFileType = sourcecode.swift; path = CodableExtensions.swift; sourceTree = "<group>"; };
		00A24BC72C4305E700B00085 /* InspectionViewController.swift */ = {isa = PBXFileReference; lastKnownFileType = sourcecode.swift; path = InspectionViewController.swift; sourceTree = "<group>"; };
		00A24BC92C43074600B00085 /* InspectionViewModel.swift */ = {isa = PBXFileReference; lastKnownFileType = sourcecode.swift; path = InspectionViewModel.swift; sourceTree = "<group>"; };
		00A24BCB2C43089E00B00085 /* Inspection.swift */ = {isa = PBXFileReference; lastKnownFileType = sourcecode.swift; path = Inspection.swift; sourceTree = "<group>"; };
		00A24BCD2C43130B00B00085 /* UIViewControllerExtensions.swift */ = {isa = PBXFileReference; lastKnownFileType = sourcecode.swift; path = UIViewControllerExtensions.swift; sourceTree = "<group>"; };
		00A24BCF2C431D0700B00085 /* UITableViewCellExtensions.swift */ = {isa = PBXFileReference; lastKnownFileType = sourcecode.swift; path = UITableViewCellExtensions.swift; sourceTree = "<group>"; };
		00A24BD32C43253F00B00085 /* InspectionQATableViewCell.swift */ = {isa = PBXFileReference; lastKnownFileType = sourcecode.swift; path = InspectionQATableViewCell.swift; sourceTree = "<group>"; };
		00B775642C43AE8D0063BAAF /* Utility.swift */ = {isa = PBXFileReference; lastKnownFileType = sourcecode.swift; path = Utility.swift; sourceTree = "<group>"; };
		00B775662C43AFD90063BAAF /* Constants.swift */ = {isa = PBXFileReference; lastKnownFileType = sourcecode.swift; path = Constants.swift; sourceTree = "<group>"; };
		00B775682C43B3850063BAAF /* CoreDataService.swift */ = {isa = PBXFileReference; lastKnownFileType = sourcecode.swift; path = CoreDataService.swift; sourceTree = "<group>"; };
		00B7756F2C43BE590063BAAF /* TendableUserEntity+CoreDataClass.swift */ = {isa = PBXFileReference; lastKnownFileType = sourcecode.swift; path = "TendableUserEntity+CoreDataClass.swift"; sourceTree = "<group>"; };
		00B775702C43BE590063BAAF /* TendableUserEntity+CoreDataProperties.swift */ = {isa = PBXFileReference; lastKnownFileType = sourcecode.swift; path = "TendableUserEntity+CoreDataProperties.swift"; sourceTree = "<group>"; };
		00B775732C43BFFA0063BAAF /* NSManagedObjectExtensions.swift */ = {isa = PBXFileReference; lastKnownFileType = sourcecode.swift; path = NSManagedObjectExtensions.swift; sourceTree = "<group>"; };
/* End PBXFileReference section */

/* Begin PBXFrameworksBuildPhase section */
		00A24B792C42E3C200B00085 /* Frameworks */ = {
			isa = PBXFrameworksBuildPhase;
			buildActionMask = 2147483647;
			files = (
			);
			runOnlyForDeploymentPostprocessing = 0;
		};
		00A24B922C42E3C500B00085 /* Frameworks */ = {
			isa = PBXFrameworksBuildPhase;
			buildActionMask = 2147483647;
			files = (
			);
			runOnlyForDeploymentPostprocessing = 0;
		};
		00A24B9C2C42E3C500B00085 /* Frameworks */ = {
			isa = PBXFrameworksBuildPhase;
			buildActionMask = 2147483647;
			files = (
			);
			runOnlyForDeploymentPostprocessing = 0;
		};
/* End PBXFrameworksBuildPhase section */

/* Begin PBXGroup section */
		00A24B732C42E3C200B00085 = {
			isa = PBXGroup;
			children = (
				00A24B7E2C42E3C200B00085 /* Tendable */,
				00A24B982C42E3C500B00085 /* TendableTests */,
				00A24BA22C42E3C500B00085 /* TendableUITests */,
				00A24B7D2C42E3C200B00085 /* Products */,
			);
			sourceTree = "<group>";
		};
		00A24B7D2C42E3C200B00085 /* Products */ = {
			isa = PBXGroup;
			children = (
				00A24B7C2C42E3C200B00085 /* Tendable.app */,
				00A24B952C42E3C500B00085 /* TendableTests.xctest */,
				00A24B9F2C42E3C500B00085 /* TendableUITests.xctest */,
			);
			name = Products;
			sourceTree = "<group>";
		};
		00A24B7E2C42E3C200B00085 /* Tendable */ = {
			isa = PBXGroup;
			children = (
				00A24BB62C42E48800B00085 /* Utilities */,
				00A24BB52C42E48200B00085 /* Services */,
				00A24BB42C42E47C00B00085 /* ViewModel */,
				00A24BB32C42E47800B00085 /* View */,
				00A24BB22C42E47200B00085 /* Model */,
				00A24B7F2C42E3C200B00085 /* AppDelegate.swift */,
				00A24B812C42E3C200B00085 /* SceneDelegate.swift */,
				00A24B852C42E3C200B00085 /* Main.storyboard */,
				00A24B8B2C42E3C400B00085 /* Assets.xcassets */,
				00A24B8D2C42E3C400B00085 /* LaunchScreen.storyboard */,
				00A24B902C42E3C400B00085 /* Info.plist */,
				00A24B882C42E3C200B00085 /* Tendable.xcdatamodeld */,
			);
			path = Tendable;
			sourceTree = "<group>";
		};
		00A24B982C42E3C500B00085 /* TendableTests */ = {
			isa = PBXGroup;
			children = (
				00A24B992C42E3C500B00085 /* TendableTests.swift */,
			);
			path = TendableTests;
			sourceTree = "<group>";
		};
		00A24BA22C42E3C500B00085 /* TendableUITests */ = {
			isa = PBXGroup;
			children = (
				00A24BA32C42E3C500B00085 /* TendableUITests.swift */,
				00A24BA52C42E3C500B00085 /* TendableUITestsLaunchTests.swift */,
			);
			path = TendableUITests;
			sourceTree = "<group>";
		};
		00A24BB22C42E47200B00085 /* Model */ = {
			isa = PBXGroup;
			children = (
				00B7756E2C43BD110063BAAF /* NSManagedObjectSubclasses */,
				00A24BC12C42F5A300B00085 /* User.swift */,
				00A24BCB2C43089E00B00085 /* Inspection.swift */,
			);
			path = Model;
			sourceTree = "<group>";
		};
		00A24BB32C42E47800B00085 /* View */ = {
			isa = PBXGroup;
			children = (
				00A24BB72C42E52400B00085 /* LoginViewController.swift */,
				00A24BC72C4305E700B00085 /* InspectionViewController.swift */,
				00A24BD32C43253F00B00085 /* InspectionQATableViewCell.swift */,
				002E62652C442FA800BD37E6 /* HomeViewController.swift */,
			);
			path = View;
			sourceTree = "<group>";
		};
		00A24BB42C42E47C00B00085 /* ViewModel */ = {
			isa = PBXGroup;
			children = (
				00A24BBF2C42F56A00B00085 /* AuthenticationViewModel.swift */,
				00A24BC92C43074600B00085 /* InspectionViewModel.swift */,
			);
			path = ViewModel;
			sourceTree = "<group>";
		};
		00A24BB52C42E48200B00085 /* Services */ = {
			isa = PBXGroup;
			children = (
				00A24BBB2C42F24F00B00085 /* APIBaseService.swift */,
				00A24BBD2C42F2CF00B00085 /* EndpointService.swift */,
				00B775682C43B3850063BAAF /* CoreDataService.swift */,
			);
			path = Services;
			sourceTree = "<group>";
		};
		00A24BB62C42E48800B00085 /* Utilities */ = {
			isa = PBXGroup;
			children = (
				00A24BC52C42F72B00B00085 /* CodableExtensions.swift */,
				00A24BCD2C43130B00B00085 /* UIViewControllerExtensions.swift */,
				00A24BCF2C431D0700B00085 /* UITableViewCellExtensions.swift */,
				00B775642C43AE8D0063BAAF /* Utility.swift */,
				00B775662C43AFD90063BAAF /* Constants.swift */,
				00B775732C43BFFA0063BAAF /* NSManagedObjectExtensions.swift */,
			);
			path = Utilities;
			sourceTree = "<group>";
		};
		00B7756E2C43BD110063BAAF /* NSManagedObjectSubclasses */ = {
			isa = PBXGroup;
			children = (
				00B7756F2C43BE590063BAAF /* TendableUserEntity+CoreDataClass.swift */,
				00B775702C43BE590063BAAF /* TendableUserEntity+CoreDataProperties.swift */,
			);
			path = NSManagedObjectSubclasses;
			sourceTree = "<group>";
		};
/* End PBXGroup section */

/* Begin PBXNativeTarget section */
		00A24B7B2C42E3C200B00085 /* Tendable */ = {
			isa = PBXNativeTarget;
			buildConfigurationList = 00A24BA92C42E3C500B00085 /* Build configuration list for PBXNativeTarget "Tendable" */;
			buildPhases = (
				00A24B782C42E3C200B00085 /* Sources */,
				00A24B792C42E3C200B00085 /* Frameworks */,
				00A24B7A2C42E3C200B00085 /* Resources */,
			);
			buildRules = (
			);
			dependencies = (
			);
			name = Tendable;
			productName = Tendable;
			productReference = 00A24B7C2C42E3C200B00085 /* Tendable.app */;
			productType = "com.apple.product-type.application";
		};
		00A24B942C42E3C500B00085 /* TendableTests */ = {
			isa = PBXNativeTarget;
			buildConfigurationList = 00A24BAC2C42E3C500B00085 /* Build configuration list for PBXNativeTarget "TendableTests" */;
			buildPhases = (
				00A24B912C42E3C500B00085 /* Sources */,
				00A24B922C42E3C500B00085 /* Frameworks */,
				00A24B932C42E3C500B00085 /* Resources */,
			);
			buildRules = (
			);
			dependencies = (
				00A24B972C42E3C500B00085 /* PBXTargetDependency */,
			);
			name = TendableTests;
			productName = TendableTests;
			productReference = 00A24B952C42E3C500B00085 /* TendableTests.xctest */;
			productType = "com.apple.product-type.bundle.unit-test";
		};
		00A24B9E2C42E3C500B00085 /* TendableUITests */ = {
			isa = PBXNativeTarget;
			buildConfigurationList = 00A24BAF2C42E3C500B00085 /* Build configuration list for PBXNativeTarget "TendableUITests" */;
			buildPhases = (
				00A24B9B2C42E3C500B00085 /* Sources */,
				00A24B9C2C42E3C500B00085 /* Frameworks */,
				00A24B9D2C42E3C500B00085 /* Resources */,
			);
			buildRules = (
			);
			dependencies = (
				00A24BA12C42E3C500B00085 /* PBXTargetDependency */,
			);
			name = TendableUITests;
			productName = TendableUITests;
			productReference = 00A24B9F2C42E3C500B00085 /* TendableUITests.xctest */;
			productType = "com.apple.product-type.bundle.ui-testing";
		};
/* End PBXNativeTarget section */

/* Begin PBXProject section */
		00A24B742C42E3C200B00085 /* Project object */ = {
			isa = PBXProject;
			attributes = {
				BuildIndependentTargetsInParallel = 1;
				LastSwiftUpdateCheck = 1540;
				LastUpgradeCheck = 1540;
				TargetAttributes = {
					00A24B7B2C42E3C200B00085 = {
						CreatedOnToolsVersion = 15.4;
					};
					00A24B942C42E3C500B00085 = {
						CreatedOnToolsVersion = 15.4;
						TestTargetID = 00A24B7B2C42E3C200B00085;
					};
					00A24B9E2C42E3C500B00085 = {
						CreatedOnToolsVersion = 15.4;
						TestTargetID = 00A24B7B2C42E3C200B00085;
					};
				};
			};
			buildConfigurationList = 00A24B772C42E3C200B00085 /* Build configuration list for PBXProject "Tendable" */;
			compatibilityVersion = "Xcode 14.0";
			developmentRegion = en;
			hasScannedForEncodings = 0;
			knownRegions = (
				en,
				Base,
			);
			mainGroup = 00A24B732C42E3C200B00085;
			productRefGroup = 00A24B7D2C42E3C200B00085 /* Products */;
			projectDirPath = "";
			projectRoot = "";
			targets = (
				00A24B7B2C42E3C200B00085 /* Tendable */,
				00A24B942C42E3C500B00085 /* TendableTests */,
				00A24B9E2C42E3C500B00085 /* TendableUITests */,
			);
		};
/* End PBXProject section */

/* Begin PBXResourcesBuildPhase section */
		00A24B7A2C42E3C200B00085 /* Resources */ = {
			isa = PBXResourcesBuildPhase;
			buildActionMask = 2147483647;
			files = (
				00A24B8C2C42E3C400B00085 /* Assets.xcassets in Resources */,
				00A24B8F2C42E3C400B00085 /* Base in Resources */,
				00A24B872C42E3C200B00085 /* Base in Resources */,
			);
			runOnlyForDeploymentPostprocessing = 0;
		};
		00A24B932C42E3C500B00085 /* Resources */ = {
			isa = PBXResourcesBuildPhase;
			buildActionMask = 2147483647;
			files = (
			);
			runOnlyForDeploymentPostprocessing = 0;
		};
		00A24B9D2C42E3C500B00085 /* Resources */ = {
			isa = PBXResourcesBuildPhase;
			buildActionMask = 2147483647;
			files = (
			);
			runOnlyForDeploymentPostprocessing = 0;
		};
/* End PBXResourcesBuildPhase section */

/* Begin PBXSourcesBuildPhase section */
		00A24B782C42E3C200B00085 /* Sources */ = {
			isa = PBXSourcesBuildPhase;
			buildActionMask = 2147483647;
			files = (
				00A24BC82C4305E700B00085 /* InspectionViewController.swift in Sources */,
				00B775672C43AFD90063BAAF /* Constants.swift in Sources */,
				00A24BB82C42E52400B00085 /* LoginViewController.swift in Sources */,
				00A24B8A2C42E3C200B00085 /* Tendable.xcdatamodeld in Sources */,
				00A24BD02C431D0700B00085 /* UITableViewCellExtensions.swift in Sources */,
				00A24BCE2C43130B00B00085 /* UIViewControllerExtensions.swift in Sources */,
				00A24BC02C42F56A00B00085 /* AuthenticationViewModel.swift in Sources */,
				002E62662C442FA800BD37E6 /* HomeViewController.swift in Sources */,
				00A24B802C42E3C200B00085 /* AppDelegate.swift in Sources */,
				00A24BC22C42F5A300B00085 /* User.swift in Sources */,
				00A24BBC2C42F24F00B00085 /* APIBaseService.swift in Sources */,
				00A24BCC2C43089E00B00085 /* Inspection.swift in Sources */,
				00B775712C43BE590063BAAF /* TendableUserEntity+CoreDataClass.swift in Sources */,
				00B775722C43BE590063BAAF /* TendableUserEntity+CoreDataProperties.swift in Sources */,
				00A24BD42C43253F00B00085 /* InspectionQATableViewCell.swift in Sources */,
				00A24BBE2C42F2CF00B00085 /* EndpointService.swift in Sources */,
				00B775742C43BFFA0063BAAF /* NSManagedObjectExtensions.swift in Sources */,
				00B775652C43AE8D0063BAAF /* Utility.swift in Sources */,
				00A24B822C42E3C200B00085 /* SceneDelegate.swift in Sources */,
				00A24BCA2C43074600B00085 /* InspectionViewModel.swift in Sources */,
				00B775692C43B3850063BAAF /* CoreDataService.swift in Sources */,
				00A24BC62C42F72B00B00085 /* CodableExtensions.swift in Sources */,
			);
			runOnlyForDeploymentPostprocessing = 0;
		};
		00A24B912C42E3C500B00085 /* Sources */ = {
			isa = PBXSourcesBuildPhase;
			buildActionMask = 2147483647;
			files = (
				00A24B9A2C42E3C500B00085 /* TendableTests.swift in Sources */,
			);
			runOnlyForDeploymentPostprocessing = 0;
		};
		00A24B9B2C42E3C500B00085 /* Sources */ = {
			isa = PBXSourcesBuildPhase;
			buildActionMask = 2147483647;
			files = (
				00A24BA62C42E3C500B00085 /* TendableUITestsLaunchTests.swift in Sources */,
				00A24BA42C42E3C500B00085 /* TendableUITests.swift in Sources */,
			);
			runOnlyForDeploymentPostprocessing = 0;
		};
/* End PBXSourcesBuildPhase section */

/* Begin PBXTargetDependency section */
		00A24B972C42E3C500B00085 /* PBXTargetDependency */ = {
			isa = PBXTargetDependency;
			target = 00A24B7B2C42E3C200B00085 /* Tendable */;
			targetProxy = 00A24B962C42E3C500B00085 /* PBXContainerItemProxy */;
		};
		00A24BA12C42E3C500B00085 /* PBXTargetDependency */ = {
			isa = PBXTargetDependency;
			target = 00A24B7B2C42E3C200B00085 /* Tendable */;
			targetProxy = 00A24BA02C42E3C500B00085 /* PBXContainerItemProxy */;
		};
/* End PBXTargetDependency section */

/* Begin PBXVariantGroup section */
		00A24B852C42E3C200B00085 /* Main.storyboard */ = {
			isa = PBXVariantGroup;
			children = (
				00A24B862C42E3C200B00085 /* Base */,
			);
			name = Main.storyboard;
			sourceTree = "<group>";
		};
		00A24B8D2C42E3C400B00085 /* LaunchScreen.storyboard */ = {
			isa = PBXVariantGroup;
			children = (
				00A24B8E2C42E3C400B00085 /* Base */,
			);
			name = LaunchScreen.storyboard;
			sourceTree = "<group>";
		};
/* End PBXVariantGroup section */

/* Begin XCBuildConfiguration section */
		00A24BA72C42E3C500B00085 /* Debug */ = {
			isa = XCBuildConfiguration;
			buildSettings = {
				ALWAYS_SEARCH_USER_PATHS = NO;
				ASSETCATALOG_COMPILER_GENERATE_SWIFT_ASSET_SYMBOL_EXTENSIONS = YES;
				CLANG_ANALYZER_NONNULL = YES;
				CLANG_ANALYZER_NUMBER_OBJECT_CONVERSION = YES_AGGRESSIVE;
				CLANG_CXX_LANGUAGE_STANDARD = "gnu++20";
				CLANG_ENABLE_MODULES = YES;
				CLANG_ENABLE_OBJC_ARC = YES;
				CLANG_ENABLE_OBJC_WEAK = YES;
				CLANG_WARN_BLOCK_CAPTURE_AUTORELEASING = YES;
				CLANG_WARN_BOOL_CONVERSION = YES;
				CLANG_WARN_COMMA = YES;
				CLANG_WARN_CONSTANT_CONVERSION = YES;
				CLANG_WARN_DEPRECATED_OBJC_IMPLEMENTATIONS = YES;
				CLANG_WARN_DIRECT_OBJC_ISA_USAGE = YES_ERROR;
				CLANG_WARN_DOCUMENTATION_COMMENTS = YES;
				CLANG_WARN_EMPTY_BODY = YES;
				CLANG_WARN_ENUM_CONVERSION = YES;
				CLANG_WARN_INFINITE_RECURSION = YES;
				CLANG_WARN_INT_CONVERSION = YES;
				CLANG_WARN_NON_LITERAL_NULL_CONVERSION = YES;
				CLANG_WARN_OBJC_IMPLICIT_RETAIN_SELF = YES;
				CLANG_WARN_OBJC_LITERAL_CONVERSION = YES;
				CLANG_WARN_OBJC_ROOT_CLASS = YES_ERROR;
				CLANG_WARN_QUOTED_INCLUDE_IN_FRAMEWORK_HEADER = YES;
				CLANG_WARN_RANGE_LOOP_ANALYSIS = YES;
				CLANG_WARN_STRICT_PROTOTYPES = YES;
				CLANG_WARN_SUSPICIOUS_MOVE = YES;
				CLANG_WARN_UNGUARDED_AVAILABILITY = YES_AGGRESSIVE;
				CLANG_WARN_UNREACHABLE_CODE = YES;
				CLANG_WARN__DUPLICATE_METHOD_MATCH = YES;
				COPY_PHASE_STRIP = NO;
				DEBUG_INFORMATION_FORMAT = dwarf;
				ENABLE_STRICT_OBJC_MSGSEND = YES;
				ENABLE_TESTABILITY = YES;
				ENABLE_USER_SCRIPT_SANDBOXING = YES;
				GCC_C_LANGUAGE_STANDARD = gnu17;
				GCC_DYNAMIC_NO_PIC = NO;
				GCC_NO_COMMON_BLOCKS = YES;
				GCC_OPTIMIZATION_LEVEL = 0;
				GCC_PREPROCESSOR_DEFINITIONS = (
					"DEBUG=1",
					"$(inherited)",
				);
				GCC_WARN_64_TO_32_BIT_CONVERSION = YES;
				GCC_WARN_ABOUT_RETURN_TYPE = YES_ERROR;
				GCC_WARN_UNDECLARED_SELECTOR = YES;
				GCC_WARN_UNINITIALIZED_AUTOS = YES_AGGRESSIVE;
				GCC_WARN_UNUSED_FUNCTION = YES;
				GCC_WARN_UNUSED_VARIABLE = YES;
				IPHONEOS_DEPLOYMENT_TARGET = 17.5;
				LOCALIZATION_PREFERS_STRING_CATALOGS = YES;
				MTL_ENABLE_DEBUG_INFO = INCLUDE_SOURCE;
				MTL_FAST_MATH = YES;
				ONLY_ACTIVE_ARCH = YES;
				SDKROOT = iphoneos;
				SWIFT_ACTIVE_COMPILATION_CONDITIONS = "DEBUG $(inherited)";
				SWIFT_OPTIMIZATION_LEVEL = "-Onone";
			};
			name = Debug;
		};
		00A24BA82C42E3C500B00085 /* Release */ = {
			isa = XCBuildConfiguration;
			buildSettings = {
				ALWAYS_SEARCH_USER_PATHS = NO;
				ASSETCATALOG_COMPILER_GENERATE_SWIFT_ASSET_SYMBOL_EXTENSIONS = YES;
				CLANG_ANALYZER_NONNULL = YES;
				CLANG_ANALYZER_NUMBER_OBJECT_CONVERSION = YES_AGGRESSIVE;
				CLANG_CXX_LANGUAGE_STANDARD = "gnu++20";
				CLANG_ENABLE_MODULES = YES;
				CLANG_ENABLE_OBJC_ARC = YES;
				CLANG_ENABLE_OBJC_WEAK = YES;
				CLANG_WARN_BLOCK_CAPTURE_AUTORELEASING = YES;
				CLANG_WARN_BOOL_CONVERSION = YES;
				CLANG_WARN_COMMA = YES;
				CLANG_WARN_CONSTANT_CONVERSION = YES;
				CLANG_WARN_DEPRECATED_OBJC_IMPLEMENTATIONS = YES;
				CLANG_WARN_DIRECT_OBJC_ISA_USAGE = YES_ERROR;
				CLANG_WARN_DOCUMENTATION_COMMENTS = YES;
				CLANG_WARN_EMPTY_BODY = YES;
				CLANG_WARN_ENUM_CONVERSION = YES;
				CLANG_WARN_INFINITE_RECURSION = YES;
				CLANG_WARN_INT_CONVERSION = YES;
				CLANG_WARN_NON_LITERAL_NULL_CONVERSION = YES;
				CLANG_WARN_OBJC_IMPLICIT_RETAIN_SELF = YES;
				CLANG_WARN_OBJC_LITERAL_CONVERSION = YES;
				CLANG_WARN_OBJC_ROOT_CLASS = YES_ERROR;
				CLANG_WARN_QUOTED_INCLUDE_IN_FRAMEWORK_HEADER = YES;
				CLANG_WARN_RANGE_LOOP_ANALYSIS = YES;
				CLANG_WARN_STRICT_PROTOTYPES = YES;
				CLANG_WARN_SUSPICIOUS_MOVE = YES;
				CLANG_WARN_UNGUARDED_AVAILABILITY = YES_AGGRESSIVE;
				CLANG_WARN_UNREACHABLE_CODE = YES;
				CLANG_WARN__DUPLICATE_METHOD_MATCH = YES;
				COPY_PHASE_STRIP = NO;
				DEBUG_INFORMATION_FORMAT = "dwarf-with-dsym";
				ENABLE_NS_ASSERTIONS = NO;
				ENABLE_STRICT_OBJC_MSGSEND = YES;
				ENABLE_USER_SCRIPT_SANDBOXING = YES;
				GCC_C_LANGUAGE_STANDARD = gnu17;
				GCC_NO_COMMON_BLOCKS = YES;
				GCC_WARN_64_TO_32_BIT_CONVERSION = YES;
				GCC_WARN_ABOUT_RETURN_TYPE = YES_ERROR;
				GCC_WARN_UNDECLARED_SELECTOR = YES;
				GCC_WARN_UNINITIALIZED_AUTOS = YES_AGGRESSIVE;
				GCC_WARN_UNUSED_FUNCTION = YES;
				GCC_WARN_UNUSED_VARIABLE = YES;
				IPHONEOS_DEPLOYMENT_TARGET = 17.5;
				LOCALIZATION_PREFERS_STRING_CATALOGS = YES;
				MTL_ENABLE_DEBUG_INFO = NO;
				MTL_FAST_MATH = YES;
				SDKROOT = iphoneos;
				SWIFT_COMPILATION_MODE = wholemodule;
				VALIDATE_PRODUCT = YES;
			};
			name = Release;
		};
		00A24BAA2C42E3C500B00085 /* Debug */ = {
			isa = XCBuildConfiguration;
			buildSettings = {
				ASSETCATALOG_COMPILER_APPICON_NAME = AppIcon;
				ASSETCATALOG_COMPILER_GLOBAL_ACCENT_COLOR_NAME = AccentColor;
				CODE_SIGN_STYLE = Automatic;
				CURRENT_PROJECT_VERSION = 1;
				DEVELOPMENT_TEAM = DNS9G92MJ3;
				GENERATE_INFOPLIST_FILE = YES;
				INFOPLIST_FILE = Tendable/Info.plist;
				INFOPLIST_KEY_UIApplicationSupportsIndirectInputEvents = YES;
				INFOPLIST_KEY_UILaunchStoryboardName = LaunchScreen;
				INFOPLIST_KEY_UIMainStoryboardFile = Main;
				INFOPLIST_KEY_UISupportedInterfaceOrientations_iPad = "UIInterfaceOrientationPortrait UIInterfaceOrientationPortraitUpsideDown UIInterfaceOrientationLandscapeLeft UIInterfaceOrientationLandscapeRight";
				INFOPLIST_KEY_UISupportedInterfaceOrientations_iPhone = "UIInterfaceOrientationPortrait UIInterfaceOrientationLandscapeLeft UIInterfaceOrientationLandscapeRight";
				LD_RUNPATH_SEARCH_PATHS = (
					"$(inherited)",
					"@executable_path/Frameworks",
				);
				MARKETING_VERSION = 1.0;
				PRODUCT_BUNDLE_IDENTIFIER = com.uzair.Tendable;
				PRODUCT_NAME = "$(TARGET_NAME)";
				SWIFT_EMIT_LOC_STRINGS = YES;
				SWIFT_VERSION = 5.0;
				TARGETED_DEVICE_FAMILY = "1,2";
			};
			name = Debug;
		};
		00A24BAB2C42E3C500B00085 /* Release */ = {
			isa = XCBuildConfiguration;
			buildSettings = {
				ASSETCATALOG_COMPILER_APPICON_NAME = AppIcon;
				ASSETCATALOG_COMPILER_GLOBAL_ACCENT_COLOR_NAME = AccentColor;
				CODE_SIGN_STYLE = Automatic;
				CURRENT_PROJECT_VERSION = 1;
				DEVELOPMENT_TEAM = DNS9G92MJ3;
				GENERATE_INFOPLIST_FILE = YES;
				INFOPLIST_FILE = Tendable/Info.plist;
				INFOPLIST_KEY_UIApplicationSupportsIndirectInputEvents = YES;
				INFOPLIST_KEY_UILaunchStoryboardName = LaunchScreen;
				INFOPLIST_KEY_UIMainStoryboardFile = Main;
				INFOPLIST_KEY_UISupportedInterfaceOrientations_iPad = "UIInterfaceOrientationPortrait UIInterfaceOrientationPortraitUpsideDown UIInterfaceOrientationLandscapeLeft UIInterfaceOrientationLandscapeRight";
				INFOPLIST_KEY_UISupportedInterfaceOrientations_iPhone = "UIInterfaceOrientationPortrait UIInterfaceOrientationLandscapeLeft UIInterfaceOrientationLandscapeRight";
				LD_RUNPATH_SEARCH_PATHS = (
					"$(inherited)",
					"@executable_path/Frameworks",
				);
				MARKETING_VERSION = 1.0;
				PRODUCT_BUNDLE_IDENTIFIER = com.uzair.Tendable;
				PRODUCT_NAME = "$(TARGET_NAME)";
				SWIFT_EMIT_LOC_STRINGS = YES;
				SWIFT_VERSION = 5.0;
				TARGETED_DEVICE_FAMILY = "1,2";
			};
			name = Release;
		};
		00A24BAD2C42E3C500B00085 /* Debug */ = {
			isa = XCBuildConfiguration;
			buildSettings = {
				ALWAYS_EMBED_SWIFT_STANDARD_LIBRARIES = YES;
				BUNDLE_LOADER = "$(TEST_HOST)";
				CODE_SIGN_STYLE = Automatic;
				CURRENT_PROJECT_VERSION = 1;
				DEVELOPMENT_TEAM = DNS9G92MJ3;
				GENERATE_INFOPLIST_FILE = YES;
				IPHONEOS_DEPLOYMENT_TARGET = 17.5;
				MARKETING_VERSION = 1.0;
				PRODUCT_BUNDLE_IDENTIFIER = com.uzair.TendableTests;
				PRODUCT_NAME = "$(TARGET_NAME)";
				SWIFT_EMIT_LOC_STRINGS = NO;
				SWIFT_VERSION = 5.0;
				TARGETED_DEVICE_FAMILY = "1,2";
				TEST_HOST = "$(BUILT_PRODUCTS_DIR)/Tendable.app/$(BUNDLE_EXECUTABLE_FOLDER_PATH)/Tendable";
			};
			name = Debug;
		};
		00A24BAE2C42E3C500B00085 /* Release */ = {
			isa = XCBuildConfiguration;
			buildSettings = {
				ALWAYS_EMBED_SWIFT_STANDARD_LIBRARIES = YES;
				BUNDLE_LOADER = "$(TEST_HOST)";
				CODE_SIGN_STYLE = Automatic;
				CURRENT_PROJECT_VERSION = 1;
				DEVELOPMENT_TEAM = DNS9G92MJ3;
				GENERATE_INFOPLIST_FILE = YES;
				IPHONEOS_DEPLOYMENT_TARGET = 17.5;
				MARKETING_VERSION = 1.0;
				PRODUCT_BUNDLE_IDENTIFIER = com.uzair.TendableTests;
				PRODUCT_NAME = "$(TARGET_NAME)";
				SWIFT_EMIT_LOC_STRINGS = NO;
				SWIFT_VERSION = 5.0;
				TARGETED_DEVICE_FAMILY = "1,2";
				TEST_HOST = "$(BUILT_PRODUCTS_DIR)/Tendable.app/$(BUNDLE_EXECUTABLE_FOLDER_PATH)/Tendable";
			};
			name = Release;
		};
		00A24BB02C42E3C500B00085 /* Debug */ = {
			isa = XCBuildConfiguration;
			buildSettings = {
				ALWAYS_EMBED_SWIFT_STANDARD_LIBRARIES = YES;
				CODE_SIGN_STYLE = Automatic;
				CURRENT_PROJECT_VERSION = 1;
				DEVELOPMENT_TEAM = DNS9G92MJ3;
				GENERATE_INFOPLIST_FILE = YES;
				MARKETING_VERSION = 1.0;
				PRODUCT_BUNDLE_IDENTIFIER = com.uzair.TendableUITests;
				PRODUCT_NAME = "$(TARGET_NAME)";
				SWIFT_EMIT_LOC_STRINGS = NO;
				SWIFT_VERSION = 5.0;
				TARGETED_DEVICE_FAMILY = "1,2";
				TEST_TARGET_NAME = Tendable;
			};
			name = Debug;
		};
		00A24BB12C42E3C500B00085 /* Release */ = {
			isa = XCBuildConfiguration;
			buildSettings = {
				ALWAYS_EMBED_SWIFT_STANDARD_LIBRARIES = YES;
				CODE_SIGN_STYLE = Automatic;
				CURRENT_PROJECT_VERSION = 1;
				DEVELOPMENT_TEAM = DNS9G92MJ3;
				GENERATE_INFOPLIST_FILE = YES;
				MARKETING_VERSION = 1.0;
				PRODUCT_BUNDLE_IDENTIFIER = com.uzair.TendableUITests;
				PRODUCT_NAME = "$(TARGET_NAME)";
				SWIFT_EMIT_LOC_STRINGS = NO;
				SWIFT_VERSION = 5.0;
				TARGETED_DEVICE_FAMILY = "1,2";
				TEST_TARGET_NAME = Tendable;
			};
			name = Release;
		};
/* End XCBuildConfiguration section */

/* Begin XCConfigurationList section */
		00A24B772C42E3C200B00085 /* Build configuration list for PBXProject "Tendable" */ = {
			isa = XCConfigurationList;
			buildConfigurations = (
				00A24BA72C42E3C500B00085 /* Debug */,
				00A24BA82C42E3C500B00085 /* Release */,
			);
			defaultConfigurationIsVisible = 0;
			defaultConfigurationName = Release;
		};
		00A24BA92C42E3C500B00085 /* Build configuration list for PBXNativeTarget "Tendable" */ = {
			isa = XCConfigurationList;
			buildConfigurations = (
				00A24BAA2C42E3C500B00085 /* Debug */,
				00A24BAB2C42E3C500B00085 /* Release */,
			);
			defaultConfigurationIsVisible = 0;
			defaultConfigurationName = Release;
		};
		00A24BAC2C42E3C500B00085 /* Build configuration list for PBXNativeTarget "TendableTests" */ = {
			isa = XCConfigurationList;
			buildConfigurations = (
				00A24BAD2C42E3C500B00085 /* Debug */,
				00A24BAE2C42E3C500B00085 /* Release */,
			);
			defaultConfigurationIsVisible = 0;
			defaultConfigurationName = Release;
		};
		00A24BAF2C42E3C500B00085 /* Build configuration list for PBXNativeTarget "TendableUITests" */ = {
			isa = XCConfigurationList;
			buildConfigurations = (
				00A24BB02C42E3C500B00085 /* Debug */,
				00A24BB12C42E3C500B00085 /* Release */,
			);
			defaultConfigurationIsVisible = 0;
			defaultConfigurationName = Release;
		};
/* End XCConfigurationList section */

/* Begin XCVersionGroup section */
		00A24B882C42E3C200B00085 /* Tendable.xcdatamodeld */ = {
			isa = XCVersionGroup;
			children = (
				00A24B892C42E3C200B00085 /* Tendable.xcdatamodel */,
			);
			currentVersion = 00A24B892C42E3C200B00085 /* Tendable.xcdatamodel */;
			path = Tendable.xcdatamodeld;
			sourceTree = "<group>";
			versionGroupType = wrapper.xcdatamodel;
		};
/* End XCVersionGroup section */
	};
	rootObject = 00A24B742C42E3C200B00085 /* Project object */;
}
